
Microsoft Visual Studio Solution File, Format Version 12.00
# Visual Studio Version 16
VisualStudioVersion = 16.0.29503.13
MinimumVisualStudioVersion = 10.0.40219.1
Project("{FAE04EC0-301F-11D3-BF4B-00C04F79EFBC}") = "Login.Mvp", "Login.Mvp\Login.Mvp.csproj", "{219A9060-D1E8-4E6A-906A-DC1E05706662}"
EndProject
Project("{FAE04EC0-301F-11D3-BF4B-00C04F79EFBC}") = "Login.Spaghetti", "Login.Spaghetti\Login.Spaghetti.csproj", "{C79E3E48-19BB-4070-9BC8-A600DC7533C6}"
EndProject
Global
	GlobalSection(SolutionConfigurationPlatforms) = preSolution
		Debug|Any CPU = Debug|Any CPU
		Release|Any CPU = Release|Any CPU
	EndGlobalSection
	GlobalSection(ProjectConfigurationPlatforms) = postSolution
		{219A9060-D1E8-4E6A-906A-DC1E05706662}.Debug|Any CPU.ActiveCfg = Debug|Any CPU
		{219A9060-D1E8-4E6A-906A-DC1E05706662}.Debug|Any CPU.Build.0 = Debug|Any CPU
		{219A9060-D1E8-4E6A-906A-DC1E05706662}.Release|Any CPU.ActiveCfg = Release|Any CPU
		{219A9060-D1E8-4E6A-906A-DC1E05706662}.Release|Any CPU.Build.0 = Release|Any CPU
		{C79E3E48-19BB-4070-9BC8-A600DC7533C6}.Debug|Any CPU.ActiveCfg = Debug|Any CPU
		{C79E3E48-19BB-4070-9BC8-A600DC7533C6}.Debug|Any CPU.Build.0 = Debug|Any CPU
		{C79E3E48-19BB-4070-9BC8-A600DC7533C6}.Release|Any CPU.ActiveCfg = Release|Any CPU
		{C79E3E48-19BB-4070-9BC8-A600DC7533C6}.Release|Any CPU.Build.0 = Release|Any CPU
	EndGlobalSection
	GlobalSection(SolutionProperties) = preSolution
		HideSolutionNode = FALSE
	EndGlobalSection
	GlobalSection(ExtensibilityGlobals) = postSolution
		SolutionGuid = {903FF620-91C6-4A05-A474-AFBB1E04076C}
	EndGlobalSection
EndGlobal
